
Microsoft Visual Studio Solution File, Format Version 12.00
# Visual Studio Version 17
VisualStudioVersion = 17.11.35208.52
MinimumVisualStudioVersion = 10.0.40219.1
Project("{9A19103F-16F7-4668-BE54-9A1E7A4F7556}") = "eActivities", "eActivities\eActivities.csproj", "{F5A80628-16C5-4064-A1B4-AEB84ADB0BF5}"
EndProject
Project("{FAE04EC0-301F-11D3-BF4B-00C04F79EFBC}") = "eActivities.AppHost", "eActivities.AppHost\eActivities.AppHost.csproj", "{CA18123A-8D51-464C-9BFB-51959F26023B}"
EndProject
Project("{9A19103F-16F7-4668-BE54-9A1E7A4F7556}") = "eActivities.ServiceDefaults", "eActivities.ServiceDefaults\eActivities.ServiceDefaults.csproj", "{847683C5-0107-412E-9103-AD6BDAAEB99E}"
EndProject
Global
	GlobalSection(SolutionConfigurationPlatforms) = preSolution
		Debug|Any CPU = Debug|Any CPU
		Release|Any CPU = Release|Any CPU
	EndGlobalSection
	GlobalSection(ProjectConfigurationPlatforms) = postSolution
		{F5A80628-16C5-4064-A1B4-AEB84ADB0BF5}.Debug|Any CPU.ActiveCfg = Debug|Any CPU
		{F5A80628-16C5-4064-A1B4-AEB84ADB0BF5}.Debug|Any CPU.Build.0 = Debug|Any CPU
		{F5A80628-16C5-4064-A1B4-AEB84ADB0BF5}.Release|Any CPU.ActiveCfg = Release|Any CPU
		{F5A80628-16C5-4064-A1B4-AEB84ADB0BF5}.Release|Any CPU.Build.0 = Release|Any CPU
		{CA18123A-8D51-464C-9BFB-51959F26023B}.Debug|Any CPU.ActiveCfg = Debug|Any CPU
		{CA18123A-8D51-464C-9BFB-51959F26023B}.Debug|Any CPU.Build.0 = Debug|Any CPU
		{CA18123A-8D51-464C-9BFB-51959F26023B}.Release|Any CPU.ActiveCfg = Release|Any CPU
		{CA18123A-8D51-464C-9BFB-51959F26023B}.Release|Any CPU.Build.0 = Release|Any CPU
		{847683C5-0107-412E-9103-AD6BDAAEB99E}.Debug|Any CPU.ActiveCfg = Debug|Any CPU
		{847683C5-0107-412E-9103-AD6BDAAEB99E}.Debug|Any CPU.Build.0 = Debug|Any CPU
		{847683C5-0107-412E-9103-AD6BDAAEB99E}.Release|Any CPU.ActiveCfg = Release|Any CPU
		{847683C5-0107-412E-9103-AD6BDAAEB99E}.Release|Any CPU.Build.0 = Release|Any CPU
	EndGlobalSection
	GlobalSection(SolutionProperties) = preSolution
		HideSolutionNode = FALSE
	EndGlobalSection
	GlobalSection(ExtensibilityGlobals) = postSolution
		SolutionGuid = {8CF10954-82DC-4098-A465-058EC696CA79}
	EndGlobalSection
EndGlobal
